// !$*UTF8*$!
{
	archiveVersion = 1;
	classes = {
	};
	objectVersion = 56;
	objects = {

/* Begin PBXBuildFile section */
		8E1DB4DE2C22C18000B2F6C5 /* AppDelegate.swift in Sources */ = {isa = PBXBuildFile; fileRef = 8E1DB4DD2C22C18000B2F6C5 /* AppDelegate.swift */; };
		8E1DB4E02C22C18000B2F6C5 /* SceneDelegate.swift in Sources */ = {isa = PBXBuildFile; fileRef = 8E1DB4DF2C22C18000B2F6C5 /* SceneDelegate.swift */; };
		8E1DB4E22C22C18000B2F6C5 /* ViewController.swift in Sources */ = {isa = PBXBuildFile; fileRef = 8E1DB4E12C22C18000B2F6C5 /* ViewController.swift */; };
		8E1DB4E52C22C18000B2F6C5 /* Base in Resources */ = {isa = PBXBuildFile; fileRef = 8E1DB4E42C22C18000B2F6C5 /* Base */; };
		8E1DB4E72C22C18200B2F6C5 /* Assets.xcassets in Resources */ = {isa = PBXBuildFile; fileRef = 8E1DB4E62C22C18200B2F6C5 /* Assets.xcassets */; };
		8E1DB4EA2C22C18200B2F6C5 /* Base in Resources */ = {isa = PBXBuildFile; fileRef = 8E1DB4E92C22C18200B2F6C5 /* Base */; };
		8E1DB4F22C22C23900B2F6C5 /* .gitignore in Resources */ = {isa = PBXBuildFile; fileRef = 8E1DB4F12C22C23900B2F6C5 /* .gitignore */; };
		8E1DB4F62C22C2F200B2F6C5 /* WeatherChatViewController.swift in Sources */ = {isa = PBXBuildFile; fileRef = 8E1DB4F52C22C2F200B2F6C5 /* WeatherChatViewController.swift */; };
		8E1DB4F82C22C34D00B2F6C5 /* WeatherChatView.swift in Sources */ = {isa = PBXBuildFile; fileRef = 8E1DB4F72C22C34D00B2F6C5 /* WeatherChatView.swift */; };
		8E1DB4FA2C22CE1000B2F6C5 /* APIKey.swift in Sources */ = {isa = PBXBuildFile; fileRef = 8E1DB4F92C22CE1000B2F6C5 /* APIKey.swift */; };
		8E1DB4FC2C22CF9000B2F6C5 /* ApiManager.swift in Sources */ = {isa = PBXBuildFile; fileRef = 8E1DB4FB2C22CF9000B2F6C5 /* ApiManager.swift */; };
		8E1DB4FF2C22FA3400B2F6C5 /* Weather.swift in Sources */ = {isa = PBXBuildFile; fileRef = 8E1DB4FE2C22FA3400B2F6C5 /* Weather.swift */; };
		8E1DB5022C23000000B2F6C5 /* Alamofire in Frameworks */ = {isa = PBXBuildFile; productRef = 8E1DB5012C23000000B2F6C5 /* Alamofire */; };
		8E1DB5132C235B0E00B2F6C5 /* SnapKit in Frameworks */ = {isa = PBXBuildFile; productRef = 8E1DB5122C235B0E00B2F6C5 /* SnapKit */; };
/* End PBXBuildFile section */

/* Begin PBXFileReference section */
		8E1DB4DA2C22C18000B2F6C5 /* WeatherApp.app */ = {isa = PBXFileReference; explicitFileType = wrapper.application; includeInIndex = 0; path = WeatherApp.app; sourceTree = BUILT_PRODUCTS_DIR; };
		8E1DB4DD2C22C18000B2F6C5 /* AppDelegate.swift */ = {isa = PBXFileReference; lastKnownFileType = sourcecode.swift; path = AppDelegate.swift; sourceTree = "<group>"; };
		8E1DB4DF2C22C18000B2F6C5 /* SceneDelegate.swift */ = {isa = PBXFileReference; lastKnownFileType = sourcecode.swift; path = SceneDelegate.swift; sourceTree = "<group>"; };
		8E1DB4E12C22C18000B2F6C5 /* ViewController.swift */ = {isa = PBXFileReference; lastKnownFileType = sourcecode.swift; path = ViewController.swift; sourceTree = "<group>"; };
		8E1DB4E42C22C18000B2F6C5 /* Base */ = {isa = PBXFileReference; lastKnownFileType = file.storyboard; name = Base; path = Base.lproj/Main.storyboard; sourceTree = "<group>"; };
		8E1DB4E62C22C18200B2F6C5 /* Assets.xcassets */ = {isa = PBXFileReference; lastKnownFileType = folder.assetcatalog; path = Assets.xcassets; sourceTree = "<group>"; };
		8E1DB4E92C22C18200B2F6C5 /* Base */ = {isa = PBXFileReference; lastKnownFileType = file.storyboard; name = Base; path = Base.lproj/LaunchScreen.storyboard; sourceTree = "<group>"; };
		8E1DB4EB2C22C18200B2F6C5 /* Info.plist */ = {isa = PBXFileReference; lastKnownFileType = text.plist.xml; path = Info.plist; sourceTree = "<group>"; };
		8E1DB4F12C22C23900B2F6C5 /* .gitignore */ = {isa = PBXFileReference; lastKnownFileType = text; path = .gitignore; sourceTree = "<group>"; };
		8E1DB4F52C22C2F200B2F6C5 /* WeatherChatViewController.swift */ = {isa = PBXFileReference; lastKnownFileType = sourcecode.swift; path = WeatherChatViewController.swift; sourceTree = "<group>"; };
		8E1DB4F72C22C34D00B2F6C5 /* WeatherChatView.swift */ = {isa = PBXFileReference; lastKnownFileType = sourcecode.swift; path = WeatherChatView.swift; sourceTree = "<group>"; };
		8E1DB4F92C22CE1000B2F6C5 /* APIKey.swift */ = {isa = PBXFileReference; lastKnownFileType = sourcecode.swift; path = APIKey.swift; sourceTree = "<group>"; };
		8E1DB4FB2C22CF9000B2F6C5 /* ApiManager.swift */ = {isa = PBXFileReference; lastKnownFileType = sourcecode.swift; path = ApiManager.swift; sourceTree = "<group>"; };
		8E1DB4FE2C22FA3400B2F6C5 /* Weather.swift */ = {isa = PBXFileReference; lastKnownFileType = sourcecode.swift; path = Weather.swift; sourceTree = "<group>"; };
/* End PBXFileReference section */

/* Begin PBXFrameworksBuildPhase section */
		8E1DB4D72C22C18000B2F6C5 /* Frameworks */ = {
			isa = PBXFrameworksBuildPhase;
			buildActionMask = 2147483647;
			files = (
				8E1DB5022C23000000B2F6C5 /* Alamofire in Frameworks */,
				8E1DB5132C235B0E00B2F6C5 /* SnapKit in Frameworks */,
			);
			runOnlyForDeploymentPostprocessing = 0;
		};
/* End PBXFrameworksBuildPhase section */

/* Begin PBXGroup section */
		8E1DB4D12C22C18000B2F6C5 = {
			isa = PBXGroup;
			children = (
				8E1DB4F12C22C23900B2F6C5 /* .gitignore */,
				8E1DB4DC2C22C18000B2F6C5 /* WeatherApp */,
				8E1DB4DB2C22C18000B2F6C5 /* Products */,
			);
			sourceTree = "<group>";
		};
		8E1DB4DB2C22C18000B2F6C5 /* Products */ = {
			isa = PBXGroup;
			children = (
				8E1DB4DA2C22C18000B2F6C5 /* WeatherApp.app */,
			);
			name = Products;
			sourceTree = "<group>";
		};
		8E1DB4DC2C22C18000B2F6C5 /* WeatherApp */ = {
			isa = PBXGroup;
			children = (
				8E1DB4FD2C22F9E200B2F6C5 /* Model */,
				8E1DB4F32C22C2AF00B2F6C5 /* UI */,
				8E1DB4DD2C22C18000B2F6C5 /* AppDelegate.swift */,
				8E1DB4DF2C22C18000B2F6C5 /* SceneDelegate.swift */,
				8E1DB4E12C22C18000B2F6C5 /* ViewController.swift */,
				8E1DB4E32C22C18000B2F6C5 /* Main.storyboard */,
				8E1DB4E62C22C18200B2F6C5 /* Assets.xcassets */,
				8E1DB4E82C22C18200B2F6C5 /* LaunchScreen.storyboard */,
				8E1DB4EB2C22C18200B2F6C5 /* Info.plist */,
				8E1DB4F92C22CE1000B2F6C5 /* APIKey.swift */,
				8E1DB4FB2C22CF9000B2F6C5 /* ApiManager.swift */,
			);
			path = WeatherApp;
			sourceTree = "<group>";
		};
		8E1DB4F32C22C2AF00B2F6C5 /* UI */ = {
			isa = PBXGroup;
			children = (
				8E1DB4F42C22C2C900B2F6C5 /* ChatScreen */,
			);
			path = UI;
			sourceTree = "<group>";
		};
		8E1DB4F42C22C2C900B2F6C5 /* ChatScreen */ = {
			isa = PBXGroup;
			children = (
				8E1DB4F52C22C2F200B2F6C5 /* WeatherChatViewController.swift */,
				8E1DB4F72C22C34D00B2F6C5 /* WeatherChatView.swift */,
			);
			path = ChatScreen;
			sourceTree = "<group>";
		};
		8E1DB4FD2C22F9E200B2F6C5 /* Model */ = {
			isa = PBXGroup;
			children = (
				8E1DB4FE2C22FA3400B2F6C5 /* Weather.swift */,
			);
			path = Model;
			sourceTree = "<group>";
		};
/* End PBXGroup section */

/* Begin PBXNativeTarget section */
		8E1DB4D92C22C18000B2F6C5 /* WeatherApp */ = {
			isa = PBXNativeTarget;
			buildConfigurationList = 8E1DB4EE2C22C18200B2F6C5 /* Build configuration list for PBXNativeTarget "WeatherApp" */;
			buildPhases = (
				8E1DB4D62C22C18000B2F6C5 /* Sources */,
				8E1DB4D72C22C18000B2F6C5 /* Frameworks */,
				8E1DB4D82C22C18000B2F6C5 /* Resources */,
			);
			buildRules = (
			);
			dependencies = (
			);
			name = WeatherApp;
			packageProductDependencies = (
				8E1DB5012C23000000B2F6C5 /* Alamofire */,
				8E1DB5122C235B0E00B2F6C5 /* SnapKit */,
			);
			productName = WeatherApp;
			productReference = 8E1DB4DA2C22C18000B2F6C5 /* WeatherApp.app */;
			productType = "com.apple.product-type.application";
		};
/* End PBXNativeTarget section */

/* Begin PBXProject section */
		8E1DB4D22C22C18000B2F6C5 /* Project object */ = {
			isa = PBXProject;
			attributes = {
				BuildIndependentTargetsInParallel = 1;
				LastSwiftUpdateCheck = 1540;
				LastUpgradeCheck = 1540;
				TargetAttributes = {
					8E1DB4D92C22C18000B2F6C5 = {
						CreatedOnToolsVersion = 15.4;
					};
				};
			};
			buildConfigurationList = 8E1DB4D52C22C18000B2F6C5 /* Build configuration list for PBXProject "WeatherApp" */;
			compatibilityVersion = "Xcode 14.0";
			developmentRegion = en;
			hasScannedForEncodings = 0;
			knownRegions = (
				en,
				Base,
			);
			mainGroup = 8E1DB4D12C22C18000B2F6C5;
			packageReferences = (
				8E1DB5002C23000000B2F6C5 /* XCRemoteSwiftPackageReference "Alamofire" */,
				8E1DB5112C235B0E00B2F6C5 /* XCRemoteSwiftPackageReference "SnapKit" */,
			);
			productRefGroup = 8E1DB4DB2C22C18000B2F6C5 /* Products */;
			projectDirPath = "";
			projectRoot = "";
			targets = (
				8E1DB4D92C22C18000B2F6C5 /* WeatherApp */,
			);
		};
/* End PBXProject section */

/* Begin PBXResourcesBuildPhase section */
		8E1DB4D82C22C18000B2F6C5 /* Resources */ = {
			isa = PBXResourcesBuildPhase;
			buildActionMask = 2147483647;
			files = (
				8E1DB4F22C22C23900B2F6C5 /* .gitignore in Resources */,
				8E1DB4E72C22C18200B2F6C5 /* Assets.xcassets in Resources */,
				8E1DB4EA2C22C18200B2F6C5 /* Base in Resources */,
				8E1DB4E52C22C18000B2F6C5 /* Base in Resources */,
			);
			runOnlyForDeploymentPostprocessing = 0;
		};
/* End PBXResourcesBuildPhase section */

/* Begin PBXSourcesBuildPhase section */
		8E1DB4D62C22C18000B2F6C5 /* Sources */ = {
			isa = PBXSourcesBuildPhase;
			buildActionMask = 2147483647;
			files = (
				8E1DB4FF2C22FA3400B2F6C5 /* Weather.swift in Sources */,
				8E1DB4FC2C22CF9000B2F6C5 /* ApiManager.swift in Sources */,
				8E1DB4F62C22C2F200B2F6C5 /* WeatherChatViewController.swift in Sources */,
				8E1DB4E22C22C18000B2F6C5 /* ViewController.swift in Sources */,
				8E1DB4DE2C22C18000B2F6C5 /* AppDelegate.swift in Sources */,
				8E1DB4F82C22C34D00B2F6C5 /* WeatherChatView.swift in Sources */,
				8E1DB4FA2C22CE1000B2F6C5 /* APIKey.swift in Sources */,
				8E1DB4E02C22C18000B2F6C5 /* SceneDelegate.swift in Sources */,
			);
			runOnlyForDeploymentPostprocessing = 0;
		};
/* End PBXSourcesBuildPhase section */

/* Begin PBXVariantGroup section */
		8E1DB4E32C22C18000B2F6C5 /* Main.storyboard */ = {
			isa = PBXVariantGroup;
			children = (
				8E1DB4E42C22C18000B2F6C5 /* Base */,
			);
			name = Main.storyboard;
			sourceTree = "<group>";
		};
		8E1DB4E82C22C18200B2F6C5 /* LaunchScreen.storyboard */ = {
			isa = PBXVariantGroup;
			children = (
				8E1DB4E92C22C18200B2F6C5 /* Base */,
			);
			name = LaunchScreen.storyboard;
			sourceTree = "<group>";
		};
/* End PBXVariantGroup section */

/* Begin XCBuildConfiguration section */
		8E1DB4EC2C22C18200B2F6C5 /* Debug */ = {
			isa = XCBuildConfiguration;
			buildSettings = {
				ALWAYS_SEARCH_USER_PATHS = NO;
				ASSETCATALOG_COMPILER_GENERATE_SWIFT_ASSET_SYMBOL_EXTENSIONS = YES;
				CLANG_ANALYZER_NONNULL = YES;
				CLANG_ANALYZER_NUMBER_OBJECT_CONVERSION = YES_AGGRESSIVE;
				CLANG_CXX_LANGUAGE_STANDARD = "gnu++20";
				CLANG_ENABLE_MODULES = YES;
				CLANG_ENABLE_OBJC_ARC = YES;
				CLANG_ENABLE_OBJC_WEAK = YES;
				CLANG_WARN_BLOCK_CAPTURE_AUTORELEASING = YES;
				CLANG_WARN_BOOL_CONVERSION = YES;
				CLANG_WARN_COMMA = YES;
				CLANG_WARN_CONSTANT_CONVERSION = YES;
				CLANG_WARN_DEPRECATED_OBJC_IMPLEMENTATIONS = YES;
				CLANG_WARN_DIRECT_OBJC_ISA_USAGE = YES_ERROR;
				CLANG_WARN_DOCUMENTATION_COMMENTS = YES;
				CLANG_WARN_EMPTY_BODY = YES;
				CLANG_WARN_ENUM_CONVERSION = YES;
				CLANG_WARN_INFINITE_RECURSION = YES;
				CLANG_WARN_INT_CONVERSION = YES;
				CLANG_WARN_NON_LITERAL_NULL_CONVERSION = YES;
				CLANG_WARN_OBJC_IMPLICIT_RETAIN_SELF = YES;
				CLANG_WARN_OBJC_LITERAL_CONVERSION = YES;
				CLANG_WARN_OBJC_ROOT_CLASS = YES_ERROR;
				CLANG_WARN_QUOTED_INCLUDE_IN_FRAMEWORK_HEADER = YES;
				CLANG_WARN_RANGE_LOOP_ANALYSIS = YES;
				CLANG_WARN_STRICT_PROTOTYPES = YES;
				CLANG_WARN_SUSPICIOUS_MOVE = YES;
				CLANG_WARN_UNGUARDED_AVAILABILITY = YES_AGGRESSIVE;
				CLANG_WARN_UNREACHABLE_CODE = YES;
				CLANG_WARN__DUPLICATE_METHOD_MATCH = YES;
				COPY_PHASE_STRIP = NO;
				DEBUG_INFORMATION_FORMAT = dwarf;
				ENABLE_STRICT_OBJC_MSGSEND = YES;
				ENABLE_TESTABILITY = YES;
				ENABLE_USER_SCRIPT_SANDBOXING = YES;
				GCC_C_LANGUAGE_STANDARD = gnu17;
				GCC_DYNAMIC_NO_PIC = NO;
				GCC_NO_COMMON_BLOCKS = YES;
				GCC_OPTIMIZATION_LEVEL = 0;
				GCC_PREPROCESSOR_DEFINITIONS = (
					"DEBUG=1",
					"$(inherited)",
				);
				GCC_WARN_64_TO_32_BIT_CONVERSION = YES;
				GCC_WARN_ABOUT_RETURN_TYPE = YES_ERROR;
				GCC_WARN_UNDECLARED_SELECTOR = YES;
				GCC_WARN_UNINITIALIZED_AUTOS = YES_AGGRESSIVE;
				GCC_WARN_UNUSED_FUNCTION = YES;
				GCC_WARN_UNUSED_VARIABLE = YES;
				IPHONEOS_DEPLOYMENT_TARGET = 17.5;
				LOCALIZATION_PREFERS_STRING_CATALOGS = YES;
				MTL_ENABLE_DEBUG_INFO = INCLUDE_SOURCE;
				MTL_FAST_MATH = YES;
				ONLY_ACTIVE_ARCH = YES;
				SDKROOT = iphoneos;
				SWIFT_ACTIVE_COMPILATION_CONDITIONS = "DEBUG $(inherited)";
				SWIFT_OPTIMIZATION_LEVEL = "-Onone";
			};
			name = Debug;
		};
		8E1DB4ED2C22C18200B2F6C5 /* Release */ = {
			isa = XCBuildConfiguration;
			buildSettings = {
				ALWAYS_SEARCH_USER_PATHS = NO;
				ASSETCATALOG_COMPILER_GENERATE_SWIFT_ASSET_SYMBOL_EXTENSIONS = YES;
				CLANG_ANALYZER_NONNULL = YES;
				CLANG_ANALYZER_NUMBER_OBJECT_CONVERSION = YES_AGGRESSIVE;
				CLANG_CXX_LANGUAGE_STANDARD = "gnu++20";
				CLANG_ENABLE_MODULES = YES;
				CLANG_ENABLE_OBJC_ARC = YES;
				CLANG_ENABLE_OBJC_WEAK = YES;
				CLANG_WARN_BLOCK_CAPTURE_AUTORELEASING = YES;
				CLANG_WARN_BOOL_CONVERSION = YES;
				CLANG_WARN_COMMA = YES;
				CLANG_WARN_CONSTANT_CONVERSION = YES;
				CLANG_WARN_DEPRECATED_OBJC_IMPLEMENTATIONS = YES;
				CLANG_WARN_DIRECT_OBJC_ISA_USAGE = YES_ERROR;
				CLANG_WARN_DOCUMENTATION_COMMENTS = YES;
				CLANG_WARN_EMPTY_BODY = YES;
				CLANG_WARN_ENUM_CONVERSION = YES;
				CLANG_WARN_INFINITE_RECURSION = YES;
				CLANG_WARN_INT_CONVERSION = YES;
				CLANG_WARN_NON_LITERAL_NULL_CONVERSION = YES;
				CLANG_WARN_OBJC_IMPLICIT_RETAIN_SELF = YES;
				CLANG_WARN_OBJC_LITERAL_CONVERSION = YES;
				CLANG_WARN_OBJC_ROOT_CLASS = YES_ERROR;
				CLANG_WARN_QUOTED_INCLUDE_IN_FRAMEWORK_HEADER = YES;
				CLANG_WARN_RANGE_LOOP_ANALYSIS = YES;
				CLANG_WARN_STRICT_PROTOTYPES = YES;
				CLANG_WARN_SUSPICIOUS_MOVE = YES;
				CLANG_WARN_UNGUARDED_AVAILABILITY = YES_AGGRESSIVE;
				CLANG_WARN_UNREACHABLE_CODE = YES;
				CLANG_WARN__DUPLICATE_METHOD_MATCH = YES;
				COPY_PHASE_STRIP = NO;
				DEBUG_INFORMATION_FORMAT = "dwarf-with-dsym";
				ENABLE_NS_ASSERTIONS = NO;
				ENABLE_STRICT_OBJC_MSGSEND = YES;
				ENABLE_USER_SCRIPT_SANDBOXING = YES;
				GCC_C_LANGUAGE_STANDARD = gnu17;
				GCC_NO_COMMON_BLOCKS = YES;
				GCC_WARN_64_TO_32_BIT_CONVERSION = YES;
				GCC_WARN_ABOUT_RETURN_TYPE = YES_ERROR;
				GCC_WARN_UNDECLARED_SELECTOR = YES;
				GCC_WARN_UNINITIALIZED_AUTOS = YES_AGGRESSIVE;
				GCC_WARN_UNUSED_FUNCTION = YES;
				GCC_WARN_UNUSED_VARIABLE = YES;
				IPHONEOS_DEPLOYMENT_TARGET = 17.5;
				LOCALIZATION_PREFERS_STRING_CATALOGS = YES;
				MTL_ENABLE_DEBUG_INFO = NO;
				MTL_FAST_MATH = YES;
				SDKROOT = iphoneos;
				SWIFT_COMPILATION_MODE = wholemodule;
				VALIDATE_PRODUCT = YES;
			};
			name = Release;
		};
		8E1DB4EF2C22C18200B2F6C5 /* Debug */ = {
			isa = XCBuildConfiguration;
			buildSettings = {
				ASSETCATALOG_COMPILER_APPICON_NAME = AppIcon;
				ASSETCATALOG_COMPILER_GLOBAL_ACCENT_COLOR_NAME = AccentColor;
				CODE_SIGN_STYLE = Automatic;
				CURRENT_PROJECT_VERSION = 1;
				DEVELOPMENT_TEAM = FPYJAG45SA;
				GENERATE_INFOPLIST_FILE = YES;
				INFOPLIST_FILE = WeatherApp/Info.plist;
				INFOPLIST_KEY_CFBundleDisplayName = Weather;
				INFOPLIST_KEY_UIApplicationSupportsIndirectInputEvents = YES;
				INFOPLIST_KEY_UILaunchStoryboardName = LaunchScreen;
				INFOPLIST_KEY_UISupportedInterfaceOrientations = UIInterfaceOrientationPortrait;
				INFOPLIST_KEY_UISupportedInterfaceOrientations_iPad = UIInterfaceOrientationPortrait;
				IPHONEOS_DEPLOYMENT_TARGET = 15.0;
				LD_RUNPATH_SEARCH_PATHS = (
					"$(inherited)",
					"@executable_path/Frameworks",
				);
				MARKETING_VERSION = 1.0;
				PRODUCT_BUNDLE_IDENTIFIER = com.saengle.WeatherApp;
				PRODUCT_NAME = "$(TARGET_NAME)";
				SUPPORTED_PLATFORMS = "iphoneos iphonesimulator";
				SUPPORTS_MACCATALYST = NO;
				SUPPORTS_MAC_DESIGNED_FOR_IPHONE_IPAD = NO;
				SUPPORTS_XR_DESIGNED_FOR_IPHONE_IPAD = NO;
				SWIFT_EMIT_LOC_STRINGS = YES;
				SWIFT_VERSION = 5.0;
				TARGETED_DEVICE_FAMILY = 1;
			};
			name = Debug;
		};
		8E1DB4F02C22C18200B2F6C5 /* Release */ = {
			isa = XCBuildConfiguration;
			buildSettings = {
				ASSETCATALOG_COMPILER_APPICON_NAME = AppIcon;
				ASSETCATALOG_COMPILER_GLOBAL_ACCENT_COLOR_NAME = AccentColor;
				CODE_SIGN_STYLE = Automatic;
				CURRENT_PROJECT_VERSION = 1;
				DEVELOPMENT_TEAM = FPYJAG45SA;
				GENERATE_INFOPLIST_FILE = YES;
				INFOPLIST_FILE = WeatherApp/Info.plist;
				INFOPLIST_KEY_CFBundleDisplayName = Weather;
				INFOPLIST_KEY_UIApplicationSupportsIndirectInputEvents = YES;
				INFOPLIST_KEY_UILaunchStoryboardName = LaunchScreen;
				INFOPLIST_KEY_UISupportedInterfaceOrientations = UIInterfaceOrientationPortrait;
				INFOPLIST_KEY_UISupportedInterfaceOrientations_iPad = UIInterfaceOrientationPortrait;
				IPHONEOS_DEPLOYMENT_TARGET = 15.0;
				LD_RUNPATH_SEARCH_PATHS = (
					"$(inherited)",
					"@executable_path/Frameworks",
				);
				MARKETING_VERSION = 1.0;
				PRODUCT_BUNDLE_IDENTIFIER = com.saengle.WeatherApp;
				PRODUCT_NAME = "$(TARGET_NAME)";
				SUPPORTED_PLATFORMS = "iphoneos iphonesimulator";
				SUPPORTS_MACCATALYST = NO;
				SUPPORTS_MAC_DESIGNED_FOR_IPHONE_IPAD = NO;
				SUPPORTS_XR_DESIGNED_FOR_IPHONE_IPAD = NO;
				SWIFT_EMIT_LOC_STRINGS = YES;
				SWIFT_VERSION = 5.0;
				TARGETED_DEVICE_FAMILY = 1;
			};
			name = Release;
		};
/* End XCBuildConfiguration section */

/* Begin XCConfigurationList section */
		8E1DB4D52C22C18000B2F6C5 /* Build configuration list for PBXProject "WeatherApp" */ = {
			isa = XCConfigurationList;
			buildConfigurations = (
				8E1DB4EC2C22C18200B2F6C5 /* Debug */,
				8E1DB4ED2C22C18200B2F6C5 /* Release */,
			);
			defaultConfigurationIsVisible = 0;
			defaultConfigurationName = Release;
		};
		8E1DB4EE2C22C18200B2F6C5 /* Build configuration list for PBXNativeTarget "WeatherApp" */ = {
			isa = XCConfigurationList;
			buildConfigurations = (
				8E1DB4EF2C22C18200B2F6C5 /* Debug */,
				8E1DB4F02C22C18200B2F6C5 /* Release */,
			);
			defaultConfigurationIsVisible = 0;
			defaultConfigurationName = Release;
		};
/* End XCConfigurationList section */

/* Begin XCRemoteSwiftPackageReference section */
		8E1DB5002C23000000B2F6C5 /* XCRemoteSwiftPackageReference "Alamofire" */ = {
			isa = XCRemoteSwiftPackageReference;
			repositoryURL = "https://github.com/Alamofire/Alamofire";
			requirement = {
				kind = upToNextMajorVersion;
				minimumVersion = 5.9.1;
			};
		};
		8E1DB5112C235B0E00B2F6C5 /* XCRemoteSwiftPackageReference "SnapKit" */ = {
			isa = XCRemoteSwiftPackageReference;
			repositoryURL = "https://github.com/SnapKit/SnapKit";
			requirement = {
				kind = upToNextMajorVersion;
				minimumVersion = 5.7.1;
			};
		};
/* End XCRemoteSwiftPackageReference section */

/* Begin XCSwiftPackageProductDependency section */
		8E1DB5012C23000000B2F6C5 /* Alamofire */ = {
			isa = XCSwiftPackageProductDependency;
			package = 8E1DB5002C23000000B2F6C5 /* XCRemoteSwiftPackageReference "Alamofire" */;
			productName = Alamofire;
		};
		8E1DB5122C235B0E00B2F6C5 /* SnapKit */ = {
			isa = XCSwiftPackageProductDependency;
			package = 8E1DB5112C235B0E00B2F6C5 /* XCRemoteSwiftPackageReference "SnapKit" */;
			productName = SnapKit;
		};
/* End XCSwiftPackageProductDependency section */
	};
	rootObject = 8E1DB4D22C22C18000B2F6C5 /* Project object */;
}
